
Microsoft Visual Studio Solution File, Format Version 12.00
# Visual Studio Version 17
VisualStudioVersion = 17.0.31903.59
MinimumVisualStudioVersion = 10.0.40219.1
Project("{FAE04EC0-301F-11D3-BF4B-00C04F79EFBC}") = "Prueba", "Prueba\Prueba.csproj", "{280CD521-8401-4558-A2E4-0394D80B1604}"
EndProject
Global
	GlobalSection(SolutionConfigurationPlatforms) = preSolution
		Debug|Any CPU = Debug|Any CPU
		Release|Any CPU = Release|Any CPU
	EndGlobalSection
	GlobalSection(ProjectConfigurationPlatforms) = postSolution
		{280CD521-8401-4558-A2E4-0394D80B1604}.Debug|Any CPU.ActiveCfg = Debug|Any CPU
		{280CD521-8401-4558-A2E4-0394D80B1604}.Debug|Any CPU.Build.0 = Debug|Any CPU
		{280CD521-8401-4558-A2E4-0394D80B1604}.Release|Any CPU.ActiveCfg = Release|Any CPU
		{280CD521-8401-4558-A2E4-0394D80B1604}.Release|Any CPU.Build.0 = Release|Any CPU
	EndGlobalSection
	GlobalSection(SolutionProperties) = preSolution
		HideSolutionNode = FALSE
	EndGlobalSection
EndGlobal
